// !$*UTF8*$!
{
	archiveVersion = 1;
	classes = {
	};
	objectVersion = 46;
	objects = {

/* Begin PBXBuildFile section */
		7574707F1DE2F4A200A02655 /* main.m in Sources */ = {isa = PBXBuildFile; fileRef = 7574707E1DE2F4A200A02655 /* main.m */; };
		757470821DE2F4A200A02655 /* AppDelegate.m in Sources */ = {isa = PBXBuildFile; fileRef = 757470811DE2F4A200A02655 /* AppDelegate.m */; };
		757470851DE2F4A200A02655 /* ViewController.m in Sources */ = {isa = PBXBuildFile; fileRef = 757470841DE2F4A200A02655 /* ViewController.m */; };
		757470881DE2F4A200A02655 /* Main.storyboard in Resources */ = {isa = PBXBuildFile; fileRef = 757470861DE2F4A200A02655 /* Main.storyboard */; };
		7574708A1DE2F4A200A02655 /* Assets.xcassets in Resources */ = {isa = PBXBuildFile; fileRef = 757470891DE2F4A200A02655 /* Assets.xcassets */; };
		7574708D1DE2F4A200A02655 /* LaunchScreen.storyboard in Resources */ = {isa = PBXBuildFile; fileRef = 7574708B1DE2F4A200A02655 /* LaunchScreen.storyboard */; };
		757470981DE2F4A200A02655 /* MMTapBarTests.m in Sources */ = {isa = PBXBuildFile; fileRef = 757470971DE2F4A200A02655 /* MMTapBarTests.m */; };
		757470A31DE2F4A200A02655 /* MMTapBarUITests.m in Sources */ = {isa = PBXBuildFile; fileRef = 757470A21DE2F4A200A02655 /* MMTapBarUITests.m */; };
		757470B21DE3D43200A02655 /* MMTabBarViewController.m in Sources */ = {isa = PBXBuildFile; fileRef = 757470B11DE3D43200A02655 /* MMTabBarViewController.m */; };
		757470B91DE3D62F00A02655 /* UIColor+Extension.m in Sources */ = {isa = PBXBuildFile; fileRef = 757470B61DE3D62F00A02655 /* UIColor+Extension.m */; };
		757470BA1DE3D62F00A02655 /* UIView+Extension.m in Sources */ = {isa = PBXBuildFile; fileRef = 757470B81DE3D62F00A02655 /* UIView+Extension.m */; };
		757470BF1DE3D7F300A02655 /* MMTabBarModel.m in Sources */ = {isa = PBXBuildFile; fileRef = 757470BE1DE3D7F300A02655 /* MMTabBarModel.m */; };
		757470C21DE3E62D00A02655 /* NSObject+Calculate.m in Sources */ = {isa = PBXBuildFile; fileRef = 757470C11DE3E62D00A02655 /* NSObject+Calculate.m */; };
		7597761D1DED096700A77EC4 /* SecondVC.m in Sources */ = {isa = PBXBuildFile; fileRef = 7597761C1DED096700A77EC4 /* SecondVC.m */; };
		759776201DED4D7500A77EC4 /* ThirdVC.m in Sources */ = {isa = PBXBuildFile; fileRef = 7597761F1DED4D7500A77EC4 /* ThirdVC.m */; };
		759776231DED4DBC00A77EC4 /* FourthVC.m in Sources */ = {isa = PBXBuildFile; fileRef = 759776221DED4DBC00A77EC4 /* FourthVC.m */; };
		759776261DED4DCD00A77EC4 /* FivethVC.m in Sources */ = {isa = PBXBuildFile; fileRef = 759776251DED4DCD00A77EC4 /* FivethVC.m */; };
		759776571DED519300A77EC4 /* MJRefreshAutoFooter.m in Sources */ = {isa = PBXBuildFile; fileRef = 7597762B1DED519200A77EC4 /* MJRefreshAutoFooter.m */; };
		759776581DED519300A77EC4 /* MJRefreshBackFooter.m in Sources */ = {isa = PBXBuildFile; fileRef = 7597762D1DED519200A77EC4 /* MJRefreshBackFooter.m */; };
		759776591DED519300A77EC4 /* MJRefreshComponent.m in Sources */ = {isa = PBXBuildFile; fileRef = 7597762F1DED519300A77EC4 /* MJRefreshComponent.m */; };
		7597765A1DED519300A77EC4 /* MJRefreshFooter.m in Sources */ = {isa = PBXBuildFile; fileRef = 759776311DED519300A77EC4 /* MJRefreshFooter.m */; };
		7597765B1DED519300A77EC4 /* MJRefreshHeader.m in Sources */ = {isa = PBXBuildFile; fileRef = 759776331DED519300A77EC4 /* MJRefreshHeader.m */; };
		7597765C1DED519300A77EC4 /* MJRefreshAutoGifFooter.m in Sources */ = {isa = PBXBuildFile; fileRef = 759776381DED519300A77EC4 /* MJRefreshAutoGifFooter.m */; };
		7597765D1DED519300A77EC4 /* MJRefreshAutoNormalFooter.m in Sources */ = {isa = PBXBuildFile; fileRef = 7597763A1DED519300A77EC4 /* MJRefreshAutoNormalFooter.m */; };
		7597765E1DED519300A77EC4 /* MJRefreshAutoStateFooter.m in Sources */ = {isa = PBXBuildFile; fileRef = 7597763C1DED519300A77EC4 /* MJRefreshAutoStateFooter.m */; };
		7597765F1DED519300A77EC4 /* MJRefreshBackGifFooter.m in Sources */ = {isa = PBXBuildFile; fileRef = 7597763F1DED519300A77EC4 /* MJRefreshBackGifFooter.m */; };
		759776601DED519300A77EC4 /* MJRefreshBackNormalFooter.m in Sources */ = {isa = PBXBuildFile; fileRef = 759776411DED519300A77EC4 /* MJRefreshBackNormalFooter.m */; };
		759776611DED519300A77EC4 /* MJRefreshBackStateFooter.m in Sources */ = {isa = PBXBuildFile; fileRef = 759776431DED519300A77EC4 /* MJRefreshBackStateFooter.m */; };
		759776621DED519300A77EC4 /* MJRefreshGifHeader.m in Sources */ = {isa = PBXBuildFile; fileRef = 759776461DED519300A77EC4 /* MJRefreshGifHeader.m */; };
		759776631DED519300A77EC4 /* MJRefreshNormalHeader.m in Sources */ = {isa = PBXBuildFile; fileRef = 759776481DED519300A77EC4 /* MJRefreshNormalHeader.m */; };
		759776641DED519300A77EC4 /* MJRefreshStateHeader.m in Sources */ = {isa = PBXBuildFile; fileRef = 7597764A1DED519300A77EC4 /* MJRefreshStateHeader.m */; };
		759776651DED519300A77EC4 /* MJRefresh.bundle in Resources */ = {isa = PBXBuildFile; fileRef = 7597764B1DED519300A77EC4 /* MJRefresh.bundle */; };
		759776661DED519300A77EC4 /* MJRefreshConst.m in Sources */ = {isa = PBXBuildFile; fileRef = 7597764E1DED519300A77EC4 /* MJRefreshConst.m */; };
		759776671DED519300A77EC4 /* NSBundle+MJRefresh.m in Sources */ = {isa = PBXBuildFile; fileRef = 759776501DED519300A77EC4 /* NSBundle+MJRefresh.m */; };
		759776681DED519300A77EC4 /* UIScrollView+MJExtension.m in Sources */ = {isa = PBXBuildFile; fileRef = 759776521DED519300A77EC4 /* UIScrollView+MJExtension.m */; };
		759776691DED519300A77EC4 /* UIScrollView+MJRefresh.m in Sources */ = {isa = PBXBuildFile; fileRef = 759776541DED519300A77EC4 /* UIScrollView+MJRefresh.m */; };
		7597766A1DED519300A77EC4 /* UIView+MJExtension.m in Sources */ = {isa = PBXBuildFile; fileRef = 759776561DED519300A77EC4 /* UIView+MJExtension.m */; };
		75BB974A1DE6DBEF007A43CC /* FirstViewController.m in Sources */ = {isa = PBXBuildFile; fileRef = 75BB97491DE6DBEF007A43CC /* FirstViewController.m */; };
		75BB974E1DEC1C0F007A43CC /* OneVC.m in Sources */ = {isa = PBXBuildFile; fileRef = 75BB974D1DEC1C0F007A43CC /* OneVC.m */; };
/* End PBXBuildFile section */

/* Begin PBXContainerItemProxy section */
		757470941DE2F4A200A02655 /* PBXContainerItemProxy */ = {
			isa = PBXContainerItemProxy;
			containerPortal = 757470721DE2F4A200A02655 /* Project object */;
			proxyType = 1;
			remoteGlobalIDString = 757470791DE2F4A200A02655;
			remoteInfo = MMTapBar;
		};
		7574709F1DE2F4A200A02655 /* PBXContainerItemProxy */ = {
			isa = PBXContainerItemProxy;
			containerPortal = 757470721DE2F4A200A02655 /* Project object */;
			proxyType = 1;
			remoteGlobalIDString = 757470791DE2F4A200A02655;
			remoteInfo = MMTapBar;
		};
/* End PBXContainerItemProxy section */

/* Begin PBXFileReference section */
		7574707A1DE2F4A200A02655 /* MMTapBar.app */ = {isa = PBXFileReference; explicitFileType = wrapper.application; includeInIndex = 0; path = MMTapBar.app; sourceTree = BUILT_PRODUCTS_DIR; };
		7574707E1DE2F4A200A02655 /* main.m */ = {isa = PBXFileReference; lastKnownFileType = sourcecode.c.objc; path = main.m; sourceTree = "<group>"; };
		757470801DE2F4A200A02655 /* AppDelegate.h */ = {isa = PBXFileReference; lastKnownFileType = sourcecode.c.h; path = AppDelegate.h; sourceTree = "<group>"; };
		757470811DE2F4A200A02655 /* AppDelegate.m */ = {isa = PBXFileReference; lastKnownFileType = sourcecode.c.objc; path = AppDelegate.m; sourceTree = "<group>"; };
		757470831DE2F4A200A02655 /* ViewController.h */ = {isa = PBXFileReference; lastKnownFileType = sourcecode.c.h; path = ViewController.h; sourceTree = "<group>"; };
		757470841DE2F4A200A02655 /* ViewController.m */ = {isa = PBXFileReference; lastKnownFileType = sourcecode.c.objc; path = ViewController.m; sourceTree = "<group>"; };
		757470871DE2F4A200A02655 /* Base */ = {isa = PBXFileReference; lastKnownFileType = file.storyboard; name = Base; path = Base.lproj/Main.storyboard; sourceTree = "<group>"; };
		757470891DE2F4A200A02655 /* Assets.xcassets */ = {isa = PBXFileReference; lastKnownFileType = folder.assetcatalog; path = Assets.xcassets; sourceTree = "<group>"; };
		7574708C1DE2F4A200A02655 /* Base */ = {isa = PBXFileReference; lastKnownFileType = file.storyboard; name = Base; path = Base.lproj/LaunchScreen.storyboard; sourceTree = "<group>"; };
		7574708E1DE2F4A200A02655 /* Info.plist */ = {isa = PBXFileReference; lastKnownFileType = text.plist.xml; path = Info.plist; sourceTree = "<group>"; };
		757470931DE2F4A200A02655 /* MMTapBarTests.xctest */ = {isa = PBXFileReference; explicitFileType = wrapper.cfbundle; includeInIndex = 0; path = MMTapBarTests.xctest; sourceTree = BUILT_PRODUCTS_DIR; };
		757470971DE2F4A200A02655 /* MMTapBarTests.m */ = {isa = PBXFileReference; lastKnownFileType = sourcecode.c.objc; path = MMTapBarTests.m; sourceTree = "<group>"; };
		757470991DE2F4A200A02655 /* Info.plist */ = {isa = PBXFileReference; lastKnownFileType = text.plist.xml; path = Info.plist; sourceTree = "<group>"; };
		7574709E1DE2F4A200A02655 /* MMTapBarUITests.xctest */ = {isa = PBXFileReference; explicitFileType = wrapper.cfbundle; includeInIndex = 0; path = MMTapBarUITests.xctest; sourceTree = BUILT_PRODUCTS_DIR; };
		757470A21DE2F4A200A02655 /* MMTapBarUITests.m */ = {isa = PBXFileReference; lastKnownFileType = sourcecode.c.objc; path = MMTapBarUITests.m; sourceTree = "<group>"; };
		757470A41DE2F4A200A02655 /* Info.plist */ = {isa = PBXFileReference; lastKnownFileType = text.plist.xml; path = Info.plist; sourceTree = "<group>"; };
		757470B01DE3D43200A02655 /* MMTabBarViewController.h */ = {isa = PBXFileReference; fileEncoding = 4; lastKnownFileType = sourcecode.c.h; path = MMTabBarViewController.h; sourceTree = "<group>"; };
		757470B11DE3D43200A02655 /* MMTabBarViewController.m */ = {isa = PBXFileReference; fileEncoding = 4; lastKnownFileType = sourcecode.c.objc; path = MMTabBarViewController.m; sourceTree = "<group>"; };
		757470B51DE3D62F00A02655 /* UIColor+Extension.h */ = {isa = PBXFileReference; fileEncoding = 4; lastKnownFileType = sourcecode.c.h; path = "UIColor+Extension.h"; sourceTree = "<group>"; };
		757470B61DE3D62F00A02655 /* UIColor+Extension.m */ = {isa = PBXFileReference; fileEncoding = 4; lastKnownFileType = sourcecode.c.objc; path = "UIColor+Extension.m"; sourceTree = "<group>"; };
		757470B71DE3D62F00A02655 /* UIView+Extension.h */ = {isa = PBXFileReference; fileEncoding = 4; lastKnownFileType = sourcecode.c.h; path = "UIView+Extension.h"; sourceTree = "<group>"; };
		757470B81DE3D62F00A02655 /* UIView+Extension.m */ = {isa = PBXFileReference; fileEncoding = 4; lastKnownFileType = sourcecode.c.objc; path = "UIView+Extension.m"; sourceTree = "<group>"; };
		757470BB1DE3D63B00A02655 /* MMHeader.h */ = {isa = PBXFileReference; lastKnownFileType = sourcecode.c.h; path = MMHeader.h; sourceTree = "<group>"; };
		757470BD1DE3D7F300A02655 /* MMTabBarModel.h */ = {isa = PBXFileReference; fileEncoding = 4; lastKnownFileType = sourcecode.c.h; path = MMTabBarModel.h; sourceTree = "<group>"; };
		757470BE1DE3D7F300A02655 /* MMTabBarModel.m */ = {isa = PBXFileReference; fileEncoding = 4; lastKnownFileType = sourcecode.c.objc; path = MMTabBarModel.m; sourceTree = "<group>"; };
		757470C01DE3E62D00A02655 /* NSObject+Calculate.h */ = {isa = PBXFileReference; fileEncoding = 4; lastKnownFileType = sourcecode.c.h; path = "NSObject+Calculate.h"; sourceTree = "<group>"; };
		757470C11DE3E62D00A02655 /* NSObject+Calculate.m */ = {isa = PBXFileReference; fileEncoding = 4; lastKnownFileType = sourcecode.c.objc; path = "NSObject+Calculate.m"; sourceTree = "<group>"; };
		7597761B1DED096700A77EC4 /* SecondVC.h */ = {isa = PBXFileReference; fileEncoding = 4; lastKnownFileType = sourcecode.c.h; path = SecondVC.h; sourceTree = "<group>"; };
		7597761C1DED096700A77EC4 /* SecondVC.m */ = {isa = PBXFileReference; fileEncoding = 4; lastKnownFileType = sourcecode.c.objc; path = SecondVC.m; sourceTree = "<group>"; };
		7597761E1DED4D7500A77EC4 /* ThirdVC.h */ = {isa = PBXFileReference; fileEncoding = 4; lastKnownFileType = sourcecode.c.h; path = ThirdVC.h; sourceTree = "<group>"; };
		7597761F1DED4D7500A77EC4 /* ThirdVC.m */ = {isa = PBXFileReference; fileEncoding = 4; lastKnownFileType = sourcecode.c.objc; path = ThirdVC.m; sourceTree = "<group>"; };
		759776211DED4DBC00A77EC4 /* FourthVC.h */ = {isa = PBXFileReference; fileEncoding = 4; lastKnownFileType = sourcecode.c.h; path = FourthVC.h; sourceTree = "<group>"; };
		759776221DED4DBC00A77EC4 /* FourthVC.m */ = {isa = PBXFileReference; fileEncoding = 4; lastKnownFileType = sourcecode.c.objc; path = FourthVC.m; sourceTree = "<group>"; };
		759776241DED4DCD00A77EC4 /* FivethVC.h */ = {isa = PBXFileReference; fileEncoding = 4; lastKnownFileType = sourcecode.c.h; path = FivethVC.h; sourceTree = "<group>"; };
		759776251DED4DCD00A77EC4 /* FivethVC.m */ = {isa = PBXFileReference; fileEncoding = 4; lastKnownFileType = sourcecode.c.objc; path = FivethVC.m; sourceTree = "<group>"; };
		7597762A1DED519200A77EC4 /* MJRefreshAutoFooter.h */ = {isa = PBXFileReference; fileEncoding = 4; lastKnownFileType = sourcecode.c.h; path = MJRefreshAutoFooter.h; sourceTree = "<group>"; };
		7597762B1DED519200A77EC4 /* MJRefreshAutoFooter.m */ = {isa = PBXFileReference; fileEncoding = 4; lastKnownFileType = sourcecode.c.objc; path = MJRefreshAutoFooter.m; sourceTree = "<group>"; };
		7597762C1DED519200A77EC4 /* MJRefreshBackFooter.h */ = {isa = PBXFileReference; fileEncoding = 4; lastKnownFileType = sourcecode.c.h; path = MJRefreshBackFooter.h; sourceTree = "<group>"; };
		7597762D1DED519200A77EC4 /* MJRefreshBackFooter.m */ = {isa = PBXFileReference; fileEncoding = 4; lastKnownFileType = sourcecode.c.objc; path = MJRefreshBackFooter.m; sourceTree = "<group>"; };
		7597762E1DED519300A77EC4 /* MJRefreshComponent.h */ = {isa = PBXFileReference; fileEncoding = 4; lastKnownFileType = sourcecode.c.h; path = MJRefreshComponent.h; sourceTree = "<group>"; };
		7597762F1DED519300A77EC4 /* MJRefreshComponent.m */ = {isa = PBXFileReference; fileEncoding = 4; lastKnownFileType = sourcecode.c.objc; path = MJRefreshComponent.m; sourceTree = "<group>"; };
		759776301DED519300A77EC4 /* MJRefreshFooter.h */ = {isa = PBXFileReference; fileEncoding = 4; lastKnownFileType = sourcecode.c.h; path = MJRefreshFooter.h; sourceTree = "<group>"; };
		759776311DED519300A77EC4 /* MJRefreshFooter.m */ = {isa = PBXFileReference; fileEncoding = 4; lastKnownFileType = sourcecode.c.objc; path = MJRefreshFooter.m; sourceTree = "<group>"; };
		759776321DED519300A77EC4 /* MJRefreshHeader.h */ = {isa = PBXFileReference; fileEncoding = 4; lastKnownFileType = sourcecode.c.h; path = MJRefreshHeader.h; sourceTree = "<group>"; };
		759776331DED519300A77EC4 /* MJRefreshHeader.m */ = {isa = PBXFileReference; fileEncoding = 4; lastKnownFileType = sourcecode.c.objc; path = MJRefreshHeader.m; sourceTree = "<group>"; };
		759776371DED519300A77EC4 /* MJRefreshAutoGifFooter.h */ = {isa = PBXFileReference; fileEncoding = 4; lastKnownFileType = sourcecode.c.h; path = MJRefreshAutoGifFooter.h; sourceTree = "<group>"; };
		759776381DED519300A77EC4 /* MJRefreshAutoGifFooter.m */ = {isa = PBXFileReference; fileEncoding = 4; lastKnownFileType = sourcecode.c.objc; path = MJRefreshAutoGifFooter.m; sourceTree = "<group>"; };
		759776391DED519300A77EC4 /* MJRefreshAutoNormalFooter.h */ = {isa = PBXFileReference; fileEncoding = 4; lastKnownFileType = sourcecode.c.h; path = MJRefreshAutoNormalFooter.h; sourceTree = "<group>"; };
		7597763A1DED519300A77EC4 /* MJRefreshAutoNormalFooter.m */ = {isa = PBXFileReference; fileEncoding = 4; lastKnownFileType = sourcecode.c.objc; path = MJRefreshAutoNormalFooter.m; sourceTree = "<group>"; };
		7597763B1DED519300A77EC4 /* MJRefreshAutoStateFooter.h */ = {isa = PBXFileReference; fileEncoding = 4; lastKnownFileType = sourcecode.c.h; path = MJRefreshAutoStateFooter.h; sourceTree = "<group>"; };
		7597763C1DED519300A77EC4 /* MJRefreshAutoStateFooter.m */ = {isa = PBXFileReference; fileEncoding = 4; lastKnownFileType = sourcecode.c.objc; path = MJRefreshAutoStateFooter.m; sourceTree = "<group>"; };
		7597763E1DED519300A77EC4 /* MJRefreshBackGifFooter.h */ = {isa = PBXFileReference; fileEncoding = 4; lastKnownFileType = sourcecode.c.h; path = MJRefreshBackGifFooter.h; sourceTree = "<group>"; };
		7597763F1DED519300A77EC4 /* MJRefreshBackGifFooter.m */ = {isa = PBXFileReference; fileEncoding = 4; lastKnownFileType = sourcecode.c.objc; path = MJRefreshBackGifFooter.m; sourceTree = "<group>"; };
		759776401DED519300A77EC4 /* MJRefreshBackNormalFooter.h */ = {isa = PBXFileReference; fileEncoding = 4; lastKnownFileType = sourcecode.c.h; path = MJRefreshBackNormalFooter.h; sourceTree = "<group>"; };
		759776411DED519300A77EC4 /* MJRefreshBackNormalFooter.m */ = {isa = PBXFileReference; fileEncoding = 4; lastKnownFileType = sourcecode.c.objc; path = MJRefreshBackNormalFooter.m; sourceTree = "<group>"; };
		759776421DED519300A77EC4 /* MJRefreshBackStateFooter.h */ = {isa = PBXFileReference; fileEncoding = 4; lastKnownFileType = sourcecode.c.h; path = MJRefreshBackStateFooter.h; sourceTree = "<group>"; };
		759776431DED519300A77EC4 /* MJRefreshBackStateFooter.m */ = {isa = PBXFileReference; fileEncoding = 4; lastKnownFileType = sourcecode.c.objc; path = MJRefreshBackStateFooter.m; sourceTree = "<group>"; };
		759776451DED519300A77EC4 /* MJRefreshGifHeader.h */ = {isa = PBXFileReference; fileEncoding = 4; lastKnownFileType = sourcecode.c.h; path = MJRefreshGifHeader.h; sourceTree = "<group>"; };
		759776461DED519300A77EC4 /* MJRefreshGifHeader.m */ = {isa = PBXFileReference; fileEncoding = 4; lastKnownFileType = sourcecode.c.objc; path = MJRefreshGifHeader.m; sourceTree = "<group>"; };
		759776471DED519300A77EC4 /* MJRefreshNormalHeader.h */ = {isa = PBXFileReference; fileEncoding = 4; lastKnownFileType = sourcecode.c.h; path = MJRefreshNormalHeader.h; sourceTree = "<group>"; };
		759776481DED519300A77EC4 /* MJRefreshNormalHeader.m */ = {isa = PBXFileReference; fileEncoding = 4; lastKnownFileType = sourcecode.c.objc; path = MJRefreshNormalHeader.m; sourceTree = "<group>"; };
		759776491DED519300A77EC4 /* MJRefreshStateHeader.h */ = {isa = PBXFileReference; fileEncoding = 4; lastKnownFileType = sourcecode.c.h; path = MJRefreshStateHeader.h; sourceTree = "<group>"; };
		7597764A1DED519300A77EC4 /* MJRefreshStateHeader.m */ = {isa = PBXFileReference; fileEncoding = 4; lastKnownFileType = sourcecode.c.objc; path = MJRefreshStateHeader.m; sourceTree = "<group>"; };
		7597764B1DED519300A77EC4 /* MJRefresh.bundle */ = {isa = PBXFileReference; lastKnownFileType = "wrapper.plug-in"; path = MJRefresh.bundle; sourceTree = "<group>"; };
		7597764C1DED519300A77EC4 /* MJRefresh.h */ = {isa = PBXFileReference; fileEncoding = 4; lastKnownFileType = sourcecode.c.h; path = MJRefresh.h; sourceTree = "<group>"; };
		7597764D1DED519300A77EC4 /* MJRefreshConst.h */ = {isa = PBXFileReference; fileEncoding = 4; lastKnownFileType = sourcecode.c.h; path = MJRefreshConst.h; sourceTree = "<group>"; };
		7597764E1DED519300A77EC4 /* MJRefreshConst.m */ = {isa = PBXFileReference; fileEncoding = 4; lastKnownFileType = sourcecode.c.objc; path = MJRefreshConst.m; sourceTree = "<group>"; };
		7597764F1DED519300A77EC4 /* NSBundle+MJRefresh.h */ = {isa = PBXFileReference; fileEncoding = 4; lastKnownFileType = sourcecode.c.h; path = "NSBundle+MJRefresh.h"; sourceTree = "<group>"; };
		759776501DED519300A77EC4 /* NSBundle+MJRefresh.m */ = {isa = PBXFileReference; fileEncoding = 4; lastKnownFileType = sourcecode.c.objc; path = "NSBundle+MJRefresh.m"; sourceTree = "<group>"; };
		759776511DED519300A77EC4 /* UIScrollView+MJExtension.h */ = {isa = PBXFileReference; fileEncoding = 4; lastKnownFileType = sourcecode.c.h; path = "UIScrollView+MJExtension.h"; sourceTree = "<group>"; };
		759776521DED519300A77EC4 /* UIScrollView+MJExtension.m */ = {isa = PBXFileReference; fileEncoding = 4; lastKnownFileType = sourcecode.c.objc; path = "UIScrollView+MJExtension.m"; sourceTree = "<group>"; };
		759776531DED519300A77EC4 /* UIScrollView+MJRefresh.h */ = {isa = PBXFileReference; fileEncoding = 4; lastKnownFileType = sourcecode.c.h; path = "UIScrollView+MJRefresh.h"; sourceTree = "<group>"; };
		759776541DED519300A77EC4 /* UIScrollView+MJRefresh.m */ = {isa = PBXFileReference; fileEncoding = 4; lastKnownFileType = sourcecode.c.objc; path = "UIScrollView+MJRefresh.m"; sourceTree = "<group>"; };
		759776551DED519300A77EC4 /* UIView+MJExtension.h */ = {isa = PBXFileReference; fileEncoding = 4; lastKnownFileType = sourcecode.c.h; path = "UIView+MJExtension.h"; sourceTree = "<group>"; };
		759776561DED519300A77EC4 /* UIView+MJExtension.m */ = {isa = PBXFileReference; fileEncoding = 4; lastKnownFileType = sourcecode.c.objc; path = "UIView+MJExtension.m"; sourceTree = "<group>"; };
		75BB97481DE6DBEF007A43CC /* FirstViewController.h */ = {isa = PBXFileReference; fileEncoding = 4; lastKnownFileType = sourcecode.c.h; path = FirstViewController.h; sourceTree = "<group>"; };
		75BB97491DE6DBEF007A43CC /* FirstViewController.m */ = {isa = PBXFileReference; fileEncoding = 4; lastKnownFileType = sourcecode.c.objc; path = FirstViewController.m; sourceTree = "<group>"; };
		75BB974C1DEC1C0F007A43CC /* OneVC.h */ = {isa = PBXFileReference; fileEncoding = 4; lastKnownFileType = sourcecode.c.h; path = OneVC.h; sourceTree = "<group>"; };
		75BB974D1DEC1C0F007A43CC /* OneVC.m */ = {isa = PBXFileReference; fileEncoding = 4; lastKnownFileType = sourcecode.c.objc; path = OneVC.m; sourceTree = "<group>"; };
/* End PBXFileReference section */

/* Begin PBXFrameworksBuildPhase section */
		757470771DE2F4A200A02655 /* Frameworks */ = {
			isa = PBXFrameworksBuildPhase;
			buildActionMask = 2147483647;
			files = (
			);
			runOnlyForDeploymentPostprocessing = 0;
		};
		757470901DE2F4A200A02655 /* Frameworks */ = {
			isa = PBXFrameworksBuildPhase;
			buildActionMask = 2147483647;
			files = (
			);
			runOnlyForDeploymentPostprocessing = 0;
		};
		7574709B1DE2F4A200A02655 /* Frameworks */ = {
			isa = PBXFrameworksBuildPhase;
			buildActionMask = 2147483647;
			files = (
			);
			runOnlyForDeploymentPostprocessing = 0;
		};
/* End PBXFrameworksBuildPhase section */

/* Begin PBXGroup section */
		757470711DE2F4A200A02655 = {
			isa = PBXGroup;
			children = (
				7574707C1DE2F4A200A02655 /* MMTapBar */,
				757470961DE2F4A200A02655 /* MMTapBarTests */,
				757470A11DE2F4A200A02655 /* MMTapBarUITests */,
				7574707B1DE2F4A200A02655 /* Products */,
			);
			sourceTree = "<group>";
		};
		7574707B1DE2F4A200A02655 /* Products */ = {
			isa = PBXGroup;
			children = (
				7574707A1DE2F4A200A02655 /* MMTapBar.app */,
				757470931DE2F4A200A02655 /* MMTapBarTests.xctest */,
				7574709E1DE2F4A200A02655 /* MMTapBarUITests.xctest */,
			);
			name = Products;
			sourceTree = "<group>";
		};
		7574707C1DE2F4A200A02655 /* MMTapBar */ = {
			isa = PBXGroup;
			children = (
				759776281DED519200A77EC4 /* MJRefresh */,
				75BB974B1DEC1BAC007A43CC /* subViewControllers */,
				75BB97461DE6DBAB007A43CC /* MMGroup */,
				757470801DE2F4A200A02655 /* AppDelegate.h */,
				757470811DE2F4A200A02655 /* AppDelegate.m */,
				757470831DE2F4A200A02655 /* ViewController.h */,
				757470841DE2F4A200A02655 /* ViewController.m */,
				75BB97481DE6DBEF007A43CC /* FirstViewController.h */,
				75BB97491DE6DBEF007A43CC /* FirstViewController.m */,
				757470861DE2F4A200A02655 /* Main.storyboard */,
				757470891DE2F4A200A02655 /* Assets.xcassets */,
				7574708B1DE2F4A200A02655 /* LaunchScreen.storyboard */,
				7574708E1DE2F4A200A02655 /* Info.plist */,
				7574707D1DE2F4A200A02655 /* Supporting Files */,
			);
			path = MMTapBar;
			sourceTree = "<group>";
		};
		7574707D1DE2F4A200A02655 /* Supporting Files */ = {
			isa = PBXGroup;
			children = (
				7574707E1DE2F4A200A02655 /* main.m */,
			);
			name = "Supporting Files";
			sourceTree = "<group>";
		};
		757470961DE2F4A200A02655 /* MMTapBarTests */ = {
			isa = PBXGroup;
			children = (
				757470971DE2F4A200A02655 /* MMTapBarTests.m */,
				757470991DE2F4A200A02655 /* Info.plist */,
			);
			path = MMTapBarTests;
			sourceTree = "<group>";
		};
		757470A11DE2F4A200A02655 /* MMTapBarUITests */ = {
			isa = PBXGroup;
			children = (
				757470A21DE2F4A200A02655 /* MMTapBarUITests.m */,
				757470A41DE2F4A200A02655 /* Info.plist */,
			);
			path = MMTapBarUITests;
			sourceTree = "<group>";
		};
		757470B31DE3D43F00A02655 /* VC */ = {
			isa = PBXGroup;
			children = (
				757470B01DE3D43200A02655 /* MMTabBarViewController.h */,
				757470B11DE3D43200A02655 /* MMTabBarViewController.m */,
			);
			name = VC;
			sourceTree = "<group>";
		};
		757470B41DE3D61A00A02655 /* Category */ = {
			isa = PBXGroup;
			children = (
				757470C01DE3E62D00A02655 /* NSObject+Calculate.h */,
				757470C11DE3E62D00A02655 /* NSObject+Calculate.m */,
				757470B51DE3D62F00A02655 /* UIColor+Extension.h */,
				757470B61DE3D62F00A02655 /* UIColor+Extension.m */,
				757470B71DE3D62F00A02655 /* UIView+Extension.h */,
				757470B81DE3D62F00A02655 /* UIView+Extension.m */,
			);
			name = Category;
			sourceTree = "<group>";
		};
		757470BC1DE3D72900A02655 /* Model */ = {
			isa = PBXGroup;
			children = (
				757470BD1DE3D7F300A02655 /* MMTabBarModel.h */,
				757470BE1DE3D7F300A02655 /* MMTabBarModel.m */,
			);
			name = Model;
			sourceTree = "<group>";
		};
		759776281DED519200A77EC4 /* MJRefresh */ = {
			isa = PBXGroup;
			children = (
				759776291DED519200A77EC4 /* Base */,
				759776341DED519300A77EC4 /* Custom */,
				7597764B1DED519300A77EC4 /* MJRefresh.bundle */,
				7597764C1DED519300A77EC4 /* MJRefresh.h */,
				7597764D1DED519300A77EC4 /* MJRefreshConst.h */,
				7597764E1DED519300A77EC4 /* MJRefreshConst.m */,
				7597764F1DED519300A77EC4 /* NSBundle+MJRefresh.h */,
				759776501DED519300A77EC4 /* NSBundle+MJRefresh.m */,
				759776511DED519300A77EC4 /* UIScrollView+MJExtension.h */,
				759776521DED519300A77EC4 /* UIScrollView+MJExtension.m */,
				759776531DED519300A77EC4 /* UIScrollView+MJRefresh.h */,
				759776541DED519300A77EC4 /* UIScrollView+MJRefresh.m */,
				759776551DED519300A77EC4 /* UIView+MJExtension.h */,
				759776561DED519300A77EC4 /* UIView+MJExtension.m */,
			);
			path = MJRefresh;
			sourceTree = "<group>";
		};
		759776291DED519200A77EC4 /* Base */ = {
			isa = PBXGroup;
			children = (
				7597762A1DED519200A77EC4 /* MJRefreshAutoFooter.h */,
				7597762B1DED519200A77EC4 /* MJRefreshAutoFooter.m */,
				7597762C1DED519200A77EC4 /* MJRefreshBackFooter.h */,
				7597762D1DED519200A77EC4 /* MJRefreshBackFooter.m */,
				7597762E1DED519300A77EC4 /* MJRefreshComponent.h */,
				7597762F1DED519300A77EC4 /* MJRefreshComponent.m */,
				759776301DED519300A77EC4 /* MJRefreshFooter.h */,
				759776311DED519300A77EC4 /* MJRefreshFooter.m */,
				759776321DED519300A77EC4 /* MJRefreshHeader.h */,
				759776331DED519300A77EC4 /* MJRefreshHeader.m */,
			);
			path = Base;
			sourceTree = "<group>";
		};
		759776341DED519300A77EC4 /* Custom */ = {
			isa = PBXGroup;
			children = (
				759776351DED519300A77EC4 /* Footer */,
				759776441DED519300A77EC4 /* Header */,
			);
			path = Custom;
			sourceTree = "<group>";
		};
		759776351DED519300A77EC4 /* Footer */ = {
			isa = PBXGroup;
			children = (
				759776361DED519300A77EC4 /* Auto */,
				7597763D1DED519300A77EC4 /* Back */,
			);
			path = Footer;
			sourceTree = "<group>";
		};
		759776361DED519300A77EC4 /* Auto */ = {
			isa = PBXGroup;
			children = (
				759776371DED519300A77EC4 /* MJRefreshAutoGifFooter.h */,
				759776381DED519300A77EC4 /* MJRefreshAutoGifFooter.m */,
				759776391DED519300A77EC4 /* MJRefreshAutoNormalFooter.h */,
				7597763A1DED519300A77EC4 /* MJRefreshAutoNormalFooter.m */,
				7597763B1DED519300A77EC4 /* MJRefreshAutoStateFooter.h */,
				7597763C1DED519300A77EC4 /* MJRefreshAutoStateFooter.m */,
			);
			path = Auto;
			sourceTree = "<group>";
		};
		7597763D1DED519300A77EC4 /* Back */ = {
			isa = PBXGroup;
			children = (
				7597763E1DED519300A77EC4 /* MJRefreshBackGifFooter.h */,
				7597763F1DED519300A77EC4 /* MJRefreshBackGifFooter.m */,
				759776401DED519300A77EC4 /* MJRefreshBackNormalFooter.h */,
				759776411DED519300A77EC4 /* MJRefreshBackNormalFooter.m */,
				759776421DED519300A77EC4 /* MJRefreshBackStateFooter.h */,
				759776431DED519300A77EC4 /* MJRefreshBackStateFooter.m */,
			);
			path = Back;
			sourceTree = "<group>";
		};
		759776441DED519300A77EC4 /* Header */ = {
			isa = PBXGroup;
			children = (
				759776451DED519300A77EC4 /* MJRefreshGifHeader.h */,
				759776461DED519300A77EC4 /* MJRefreshGifHeader.m */,
				759776471DED519300A77EC4 /* MJRefreshNormalHeader.h */,
				759776481DED519300A77EC4 /* MJRefreshNormalHeader.m */,
				759776491DED519300A77EC4 /* MJRefreshStateHeader.h */,
				7597764A1DED519300A77EC4 /* MJRefreshStateHeader.m */,
			);
			path = Header;
			sourceTree = "<group>";
		};
		75BB97461DE6DBAB007A43CC /* MMGroup */ = {
			isa = PBXGroup;
			children = (
				75BB97471DE6DBC8007A43CC /* Header */,
				757470BC1DE3D72900A02655 /* Model */,
				757470B41DE3D61A00A02655 /* Category */,
				757470B31DE3D43F00A02655 /* VC */,
			);
			name = MMGroup;
			sourceTree = "<group>";
		};
		75BB97471DE6DBC8007A43CC /* Header */ = {
			isa = PBXGroup;
			children = (
				757470BB1DE3D63B00A02655 /* MMHeader.h */,
			);
			name = Header;
			sourceTree = "<group>";
		};
		75BB974B1DEC1BAC007A43CC /* subViewControllers */ = {
			isa = PBXGroup;
			children = (
				75BB974C1DEC1C0F007A43CC /* OneVC.h */,
				75BB974D1DEC1C0F007A43CC /* OneVC.m */,
				7597761B1DED096700A77EC4 /* SecondVC.h */,
				7597761C1DED096700A77EC4 /* SecondVC.m */,
				7597761E1DED4D7500A77EC4 /* ThirdVC.h */,
				7597761F1DED4D7500A77EC4 /* ThirdVC.m */,
				759776211DED4DBC00A77EC4 /* FourthVC.h */,
				759776221DED4DBC00A77EC4 /* FourthVC.m */,
				759776241DED4DCD00A77EC4 /* FivethVC.h */,
				759776251DED4DCD00A77EC4 /* FivethVC.m */,
			);
			name = subViewControllers;
			sourceTree = "<group>";
		};
/* End PBXGroup section */

/* Begin PBXNativeTarget section */
		757470791DE2F4A200A02655 /* MMTapBar */ = {
			isa = PBXNativeTarget;
			buildConfigurationList = 757470A71DE2F4A200A02655 /* Build configuration list for PBXNativeTarget "MMTapBar" */;
			buildPhases = (
				757470761DE2F4A200A02655 /* Sources */,
				757470771DE2F4A200A02655 /* Frameworks */,
				757470781DE2F4A200A02655 /* Resources */,
			);
			buildRules = (
			);
			dependencies = (
			);
			name = MMTapBar;
			productName = MMTapBar;
			productReference = 7574707A1DE2F4A200A02655 /* MMTapBar.app */;
			productType = "com.apple.product-type.application";
		};
		757470921DE2F4A200A02655 /* MMTapBarTests */ = {
			isa = PBXNativeTarget;
			buildConfigurationList = 757470AA1DE2F4A200A02655 /* Build configuration list for PBXNativeTarget "MMTapBarTests" */;
			buildPhases = (
				7574708F1DE2F4A200A02655 /* Sources */,
				757470901DE2F4A200A02655 /* Frameworks */,
				757470911DE2F4A200A02655 /* Resources */,
			);
			buildRules = (
			);
			dependencies = (
				757470951DE2F4A200A02655 /* PBXTargetDependency */,
			);
			name = MMTapBarTests;
			productName = MMTapBarTests;
			productReference = 757470931DE2F4A200A02655 /* MMTapBarTests.xctest */;
			productType = "com.apple.product-type.bundle.unit-test";
		};
		7574709D1DE2F4A200A02655 /* MMTapBarUITests */ = {
			isa = PBXNativeTarget;
			buildConfigurationList = 757470AD1DE2F4A200A02655 /* Build configuration list for PBXNativeTarget "MMTapBarUITests" */;
			buildPhases = (
				7574709A1DE2F4A200A02655 /* Sources */,
				7574709B1DE2F4A200A02655 /* Frameworks */,
				7574709C1DE2F4A200A02655 /* Resources */,
			);
			buildRules = (
			);
			dependencies = (
				757470A01DE2F4A200A02655 /* PBXTargetDependency */,
			);
			name = MMTapBarUITests;
			productName = MMTapBarUITests;
			productReference = 7574709E1DE2F4A200A02655 /* MMTapBarUITests.xctest */;
			productType = "com.apple.product-type.bundle.ui-testing";
		};
/* End PBXNativeTarget section */

/* Begin PBXProject section */
		757470721DE2F4A200A02655 /* Project object */ = {
			isa = PBXProject;
			attributes = {
				LastUpgradeCheck = 0730;
				ORGANIZATIONNAME = yyx;
				TargetAttributes = {
					757470791DE2F4A200A02655 = {
						CreatedOnToolsVersion = 7.3;
					};
					757470921DE2F4A200A02655 = {
						CreatedOnToolsVersion = 7.3;
						TestTargetID = 757470791DE2F4A200A02655;
					};
					7574709D1DE2F4A200A02655 = {
						CreatedOnToolsVersion = 7.3;
						TestTargetID = 757470791DE2F4A200A02655;
					};
				};
			};
			buildConfigurationList = 757470751DE2F4A200A02655 /* Build configuration list for PBXProject "MMTapBar" */;
			compatibilityVersion = "Xcode 3.2";
			developmentRegion = English;
			hasScannedForEncodings = 0;
			knownRegions = (
				en,
				Base,
			);
			mainGroup = 757470711DE2F4A200A02655;
			productRefGroup = 7574707B1DE2F4A200A02655 /* Products */;
			projectDirPath = "";
			projectRoot = "";
			targets = (
				757470791DE2F4A200A02655 /* MMTapBar */,
				757470921DE2F4A200A02655 /* MMTapBarTests */,
				7574709D1DE2F4A200A02655 /* MMTapBarUITests */,
			);
		};
/* End PBXProject section */

/* Begin PBXResourcesBuildPhase section */
		757470781DE2F4A200A02655 /* Resources */ = {
			isa = PBXResourcesBuildPhase;
			buildActionMask = 2147483647;
			files = (
				7574708D1DE2F4A200A02655 /* LaunchScreen.storyboard in Resources */,
				7574708A1DE2F4A200A02655 /* Assets.xcassets in Resources */,
				759776651DED519300A77EC4 /* MJRefresh.bundle in Resources */,
				757470881DE2F4A200A02655 /* Main.storyboard in Resources */,
			);
			runOnlyForDeploymentPostprocessing = 0;
		};
		757470911DE2F4A200A02655 /* Resources */ = {
			isa = PBXResourcesBuildPhase;
			buildActionMask = 2147483647;
			files = (
			);
			runOnlyForDeploymentPostprocessing = 0;
		};
		7574709C1DE2F4A200A02655 /* Resources */ = {
			isa = PBXResourcesBuildPhase;
			buildActionMask = 2147483647;
			files = (
			);
			runOnlyForDeploymentPostprocessing = 0;
		};
/* End PBXResourcesBuildPhase section */

/* Begin PBXSourcesBuildPhase section */
		757470761DE2F4A200A02655 /* Sources */ = {
			isa = PBXSourcesBuildPhase;
			buildActionMask = 2147483647;
			files = (
				75BB974A1DE6DBEF007A43CC /* FirstViewController.m in Sources */,
				7597765C1DED519300A77EC4 /* MJRefreshAutoGifFooter.m in Sources */,
				75BB974E1DEC1C0F007A43CC /* OneVC.m in Sources */,
				7597765F1DED519300A77EC4 /* MJRefreshBackGifFooter.m in Sources */,
				757470C21DE3E62D00A02655 /* NSObject+Calculate.m in Sources */,
				7597761D1DED096700A77EC4 /* SecondVC.m in Sources */,
				759776261DED4DCD00A77EC4 /* FivethVC.m in Sources */,
				759776591DED519300A77EC4 /* MJRefreshComponent.m in Sources */,
				759776631DED519300A77EC4 /* MJRefreshNormalHeader.m in Sources */,
				757470BA1DE3D62F00A02655 /* UIView+Extension.m in Sources */,
				759776691DED519300A77EC4 /* UIScrollView+MJRefresh.m in Sources */,
				759776581DED519300A77EC4 /* MJRefreshBackFooter.m in Sources */,
				759776231DED4DBC00A77EC4 /* FourthVC.m in Sources */,
				759776601DED519300A77EC4 /* MJRefreshBackNormalFooter.m in Sources */,
				7597765A1DED519300A77EC4 /* MJRefreshFooter.m in Sources */,
				7597765B1DED519300A77EC4 /* MJRefreshHeader.m in Sources */,
				757470851DE2F4A200A02655 /* ViewController.m in Sources */,
				7597765D1DED519300A77EC4 /* MJRefreshAutoNormalFooter.m in Sources */,
				757470821DE2F4A200A02655 /* AppDelegate.m in Sources */,
				759776661DED519300A77EC4 /* MJRefreshConst.m in Sources */,
				757470B91DE3D62F00A02655 /* UIColor+Extension.m in Sources */,
				757470B21DE3D43200A02655 /* MMTabBarViewController.m in Sources */,
				759776201DED4D7500A77EC4 /* ThirdVC.m in Sources */,
				7597765E1DED519300A77EC4 /* MJRefreshAutoStateFooter.m in Sources */,
				757470BF1DE3D7F300A02655 /* MMTabBarModel.m in Sources */,
				759776641DED519300A77EC4 /* MJRefreshStateHeader.m in Sources */,
				759776671DED519300A77EC4 /* NSBundle+MJRefresh.m in Sources */,
				759776621DED519300A77EC4 /* MJRefreshGifHeader.m in Sources */,
				7574707F1DE2F4A200A02655 /* main.m in Sources */,
				7597766A1DED519300A77EC4 /* UIView+MJExtension.m in Sources */,
				759776681DED519300A77EC4 /* UIScrollView+MJExtension.m in Sources */,
				759776571DED519300A77EC4 /* MJRefreshAutoFooter.m in Sources */,
				759776611DED519300A77EC4 /* MJRefreshBackStateFooter.m in Sources */,
			);
			runOnlyForDeploymentPostprocessing = 0;
		};
		7574708F1DE2F4A200A02655 /* Sources */ = {
			isa = PBXSourcesBuildPhase;
			buildActionMask = 2147483647;
			files = (
				757470981DE2F4A200A02655 /* MMTapBarTests.m in Sources */,
			);
			runOnlyForDeploymentPostprocessing = 0;
		};
		7574709A1DE2F4A200A02655 /* Sources */ = {
			isa = PBXSourcesBuildPhase;
			buildActionMask = 2147483647;
			files = (
				757470A31DE2F4A200A02655 /* MMTapBarUITests.m in Sources */,
			);
			runOnlyForDeploymentPostprocessing = 0;
		};
/* End PBXSourcesBuildPhase section */

/* Begin PBXTargetDependency section */
		757470951DE2F4A200A02655 /* PBXTargetDependency */ = {
			isa = PBXTargetDependency;
			target = 757470791DE2F4A200A02655 /* MMTapBar */;
			targetProxy = 757470941DE2F4A200A02655 /* PBXContainerItemProxy */;
		};
		757470A01DE2F4A200A02655 /* PBXTargetDependency */ = {
			isa = PBXTargetDependency;
			target = 757470791DE2F4A200A02655 /* MMTapBar */;
			targetProxy = 7574709F1DE2F4A200A02655 /* PBXContainerItemProxy */;
		};
/* End PBXTargetDependency section */

/* Begin PBXVariantGroup section */
		757470861DE2F4A200A02655 /* Main.storyboard */ = {
			isa = PBXVariantGroup;
			children = (
				757470871DE2F4A200A02655 /* Base */,
			);
			name = Main.storyboard;
			sourceTree = "<group>";
		};
		7574708B1DE2F4A200A02655 /* LaunchScreen.storyboard */ = {
			isa = PBXVariantGroup;
			children = (
				7574708C1DE2F4A200A02655 /* Base */,
			);
			name = LaunchScreen.storyboard;
			sourceTree = "<group>";
		};
/* End PBXVariantGroup section */

/* Begin XCBuildConfiguration section */
		757470A51DE2F4A200A02655 /* Debug */ = {
			isa = XCBuildConfiguration;
			buildSettings = {
				ALWAYS_SEARCH_USER_PATHS = NO;
				CLANG_ANALYZER_NONNULL = YES;
				CLANG_CXX_LANGUAGE_STANDARD = "gnu++0x";
				CLANG_CXX_LIBRARY = "libc++";
				CLANG_ENABLE_MODULES = YES;
				CLANG_ENABLE_OBJC_ARC = YES;
				CLANG_WARN_BOOL_CONVERSION = YES;
				CLANG_WARN_CONSTANT_CONVERSION = YES;
				CLANG_WARN_DIRECT_OBJC_ISA_USAGE = YES_ERROR;
				CLANG_WARN_EMPTY_BODY = YES;
				CLANG_WARN_ENUM_CONVERSION = YES;
				CLANG_WARN_INT_CONVERSION = YES;
				CLANG_WARN_OBJC_ROOT_CLASS = YES_ERROR;
				CLANG_WARN_UNREACHABLE_CODE = YES;
				CLANG_WARN__DUPLICATE_METHOD_MATCH = YES;
				"CODE_SIGN_IDENTITY[sdk=iphoneos*]" = "iPhone Developer";
				COPY_PHASE_STRIP = NO;
				DEBUG_INFORMATION_FORMAT = dwarf;
				ENABLE_STRICT_OBJC_MSGSEND = YES;
				ENABLE_TESTABILITY = YES;
				GCC_C_LANGUAGE_STANDARD = gnu99;
				GCC_DYNAMIC_NO_PIC = NO;
				GCC_NO_COMMON_BLOCKS = YES;
				GCC_OPTIMIZATION_LEVEL = 0;
				GCC_PREPROCESSOR_DEFINITIONS = (
					"DEBUG=1",
					"$(inherited)",
				);
				GCC_WARN_64_TO_32_BIT_CONVERSION = YES;
				GCC_WARN_ABOUT_RETURN_TYPE = YES_ERROR;
				GCC_WARN_UNDECLARED_SELECTOR = YES;
				GCC_WARN_UNINITIALIZED_AUTOS = YES_AGGRESSIVE;
				GCC_WARN_UNUSED_FUNCTION = YES;
				GCC_WARN_UNUSED_VARIABLE = YES;
				IPHONEOS_DEPLOYMENT_TARGET = 9.3;
				MTL_ENABLE_DEBUG_INFO = YES;
				ONLY_ACTIVE_ARCH = YES;
				SDKROOT = iphoneos;
				TARGETED_DEVICE_FAMILY = "1,2";
			};
			name = Debug;
		};
		757470A61DE2F4A200A02655 /* Release */ = {
			isa = XCBuildConfiguration;
			buildSettings = {
				ALWAYS_SEARCH_USER_PATHS = NO;
				CLANG_ANALYZER_NONNULL = YES;
				CLANG_CXX_LANGUAGE_STANDARD = "gnu++0x";
				CLANG_CXX_LIBRARY = "libc++";
				CLANG_ENABLE_MODULES = YES;
				CLANG_ENABLE_OBJC_ARC = YES;
				CLANG_WARN_BOOL_CONVERSION = YES;
				CLANG_WARN_CONSTANT_CONVERSION = YES;
				CLANG_WARN_DIRECT_OBJC_ISA_USAGE = YES_ERROR;
				CLANG_WARN_EMPTY_BODY = YES;
				CLANG_WARN_ENUM_CONVERSION = YES;
				CLANG_WARN_INT_CONVERSION = YES;
				CLANG_WARN_OBJC_ROOT_CLASS = YES_ERROR;
				CLANG_WARN_UNREACHABLE_CODE = YES;
				CLANG_WARN__DUPLICATE_METHOD_MATCH = YES;
				"CODE_SIGN_IDENTITY[sdk=iphoneos*]" = "iPhone Developer";
				COPY_PHASE_STRIP = NO;
				DEBUG_INFORMATION_FORMAT = "dwarf-with-dsym";
				ENABLE_NS_ASSERTIONS = NO;
				ENABLE_STRICT_OBJC_MSGSEND = YES;
				GCC_C_LANGUAGE_STANDARD = gnu99;
				GCC_NO_COMMON_BLOCKS = YES;
				GCC_WARN_64_TO_32_BIT_CONVERSION = YES;
				GCC_WARN_ABOUT_RETURN_TYPE = YES_ERROR;
				GCC_WARN_UNDECLARED_SELECTOR = YES;
				GCC_WARN_UNINITIALIZED_AUTOS = YES_AGGRESSIVE;
				GCC_WARN_UNUSED_FUNCTION = YES;
				GCC_WARN_UNUSED_VARIABLE = YES;
				IPHONEOS_DEPLOYMENT_TARGET = 9.3;
				MTL_ENABLE_DEBUG_INFO = NO;
				SDKROOT = iphoneos;
				TARGETED_DEVICE_FAMILY = "1,2";
				VALIDATE_PRODUCT = YES;
			};
			name = Release;
		};
		757470A81DE2F4A200A02655 /* Debug */ = {
			isa = XCBuildConfiguration;
			buildSettings = {
				ASSETCATALOG_COMPILER_APPICON_NAME = AppIcon;
				INFOPLIST_FILE = MMTapBar/Info.plist;
				LD_RUNPATH_SEARCH_PATHS = "$(inherited) @executable_path/Frameworks";
				PRODUCT_BUNDLE_IDENTIFIER = com.xw.MMTapBar;
				PRODUCT_NAME = "$(TARGET_NAME)";
			};
			name = Debug;
		};
		757470A91DE2F4A200A02655 /* Release */ = {
			isa = XCBuildConfiguration;
			buildSettings = {
				ASSETCATALOG_COMPILER_APPICON_NAME = AppIcon;
				INFOPLIST_FILE = MMTapBar/Info.plist;
				LD_RUNPATH_SEARCH_PATHS = "$(inherited) @executable_path/Frameworks";
				PRODUCT_BUNDLE_IDENTIFIER = com.xw.MMTapBar;
				PRODUCT_NAME = "$(TARGET_NAME)";
			};
			name = Release;
		};
		757470AB1DE2F4A200A02655 /* Debug */ = {
			isa = XCBuildConfiguration;
			buildSettings = {
				BUNDLE_LOADER = "$(TEST_HOST)";
				INFOPLIST_FILE = MMTapBarTests/Info.plist;
				LD_RUNPATH_SEARCH_PATHS = "$(inherited) @executable_path/Frameworks @loader_path/Frameworks";
				PRODUCT_BUNDLE_IDENTIFIER = com.xw.MMTapBarTests;
				PRODUCT_NAME = "$(TARGET_NAME)";
				TEST_HOST = "$(BUILT_PRODUCTS_DIR)/MMTapBar.app/MMTapBar";
			};
			name = Debug;
		};
		757470AC1DE2F4A200A02655 /* Release */ = {
			isa = XCBuildConfiguration;
			buildSettings = {
				BUNDLE_LOADER = "$(TEST_HOST)";
				INFOPLIST_FILE = MMTapBarTests/Info.plist;
				LD_RUNPATH_SEARCH_PATHS = "$(inherited) @executable_path/Frameworks @loader_path/Frameworks";
				PRODUCT_BUNDLE_IDENTIFIER = com.xw.MMTapBarTests;
				PRODUCT_NAME = "$(TARGET_NAME)";
				TEST_HOST = "$(BUILT_PRODUCTS_DIR)/MMTapBar.app/MMTapBar";
			};
			name = Release;
		};
		757470AE1DE2F4A200A02655 /* Debug */ = {
			isa = XCBuildConfiguration;
			buildSettings = {
				INFOPLIST_FILE = MMTapBarUITests/Info.plist;
				LD_RUNPATH_SEARCH_PATHS = "$(inherited) @executable_path/Frameworks @loader_path/Frameworks";
				PRODUCT_BUNDLE_IDENTIFIER = com.xw.MMTapBarUITests;
				PRODUCT_NAME = "$(TARGET_NAME)";
				TEST_TARGET_NAME = MMTapBar;
			};
			name = Debug;
		};
		757470AF1DE2F4A200A02655 /* Release */ = {
			isa = XCBuildConfiguration;
			buildSettings = {
				INFOPLIST_FILE = MMTapBarUITests/Info.plist;
				LD_RUNPATH_SEARCH_PATHS = "$(inherited) @executable_path/Frameworks @loader_path/Frameworks";
				PRODUCT_BUNDLE_IDENTIFIER = com.xw.MMTapBarUITests;
				PRODUCT_NAME = "$(TARGET_NAME)";
				TEST_TARGET_NAME = MMTapBar;
			};
			name = Release;
		};
/* End XCBuildConfiguration section */

/* Begin XCConfigurationList section */
		757470751DE2F4A200A02655 /* Build configuration list for PBXProject "MMTapBar" */ = {
			isa = XCConfigurationList;
			buildConfigurations = (
				757470A51DE2F4A200A02655 /* Debug */,
				757470A61DE2F4A200A02655 /* Release */,
			);
			defaultConfigurationIsVisible = 0;
			defaultConfigurationName = Release;
		};
		757470A71DE2F4A200A02655 /* Build configuration list for PBXNativeTarget "MMTapBar" */ = {
			isa = XCConfigurationList;
			buildConfigurations = (
				757470A81DE2F4A200A02655 /* Debug */,
				757470A91DE2F4A200A02655 /* Release */,
			);
			defaultConfigurationIsVisible = 0;
			defaultConfigurationName = Release;
		};
		757470AA1DE2F4A200A02655 /* Build configuration list for PBXNativeTarget "MMTapBarTests" */ = {
			isa = XCConfigurationList;
			buildConfigurations = (
				757470AB1DE2F4A200A02655 /* Debug */,
				757470AC1DE2F4A200A02655 /* Release */,
			);
			defaultConfigurationIsVisible = 0;
			defaultConfigurationName = Release;
		};
		757470AD1DE2F4A200A02655 /* Build configuration list for PBXNativeTarget "MMTapBarUITests" */ = {
			isa = XCConfigurationList;
			buildConfigurations = (
				757470AE1DE2F4A200A02655 /* Debug */,
				757470AF1DE2F4A200A02655 /* Release */,
			);
			defaultConfigurationIsVisible = 0;
			defaultConfigurationName = Release;
		};
/* End XCConfigurationList section */
	};
	rootObject = 757470721DE2F4A200A02655 /* Project object */;
}
